
Microsoft Visual Studio Solution File, Format Version 12.00
# Visual Studio 15
VisualStudioVersion = 15.0.27004.2009
MinimumVisualStudioVersion = 10.0.40219.1
Project("{FAE04EC0-301F-11D3-BF4B-00C04F79EFBC}") = "TSI Schedule", "TSI Schedule\TSI Schedule.csproj", "{485A3C95-3993-4E0D-824E-53E779375B9D}"
EndProject
Global
	GlobalSection(SolutionConfigurationPlatforms) = preSolution
		Debug|Any CPU = Debug|Any CPU
		Release|Any CPU = Release|Any CPU
	EndGlobalSection
	GlobalSection(ProjectConfigurationPlatforms) = postSolution
		{485A3C95-3993-4E0D-824E-53E779375B9D}.Debug|Any CPU.ActiveCfg = Debug|Any CPU
		{485A3C95-3993-4E0D-824E-53E779375B9D}.Debug|Any CPU.Build.0 = Debug|Any CPU
		{485A3C95-3993-4E0D-824E-53E779375B9D}.Release|Any CPU.ActiveCfg = Release|Any CPU
		{485A3C95-3993-4E0D-824E-53E779375B9D}.Release|Any CPU.Build.0 = Release|Any CPU
	EndGlobalSection
	GlobalSection(SolutionProperties) = preSolution
		HideSolutionNode = FALSE
	EndGlobalSection
	GlobalSection(ExtensibilityGlobals) = postSolution
		SolutionGuid = {C8CF58EC-21D6-45A5-81BC-BB8F65D76E74}
	EndGlobalSection
EndGlobal
